// !$*UTF8*$!
{
	archiveVersion = 1;
	classes = {
	};
	objectVersion = 46;
	objects = {

/* Begin PBXBuildFile section */
		6881310A1CEAF27E00D01074 /* AppDelegate.swift in Sources */ = {isa = PBXBuildFile; fileRef = 688131091CEAF27E00D01074 /* AppDelegate.swift */; };
		6881310C1CEAF27E00D01074 /* ViewController.swift in Sources */ = {isa = PBXBuildFile; fileRef = 6881310B1CEAF27E00D01074 /* ViewController.swift */; };
		6881310F1CEAF27E00D01074 /* Main.storyboard in Resources */ = {isa = PBXBuildFile; fileRef = 6881310D1CEAF27E00D01074 /* Main.storyboard */; };
		688131111CEAF27E00D01074 /* Assets.xcassets in Resources */ = {isa = PBXBuildFile; fileRef = 688131101CEAF27E00D01074 /* Assets.xcassets */; };
		688131141CEAF27E00D01074 /* LaunchScreen.storyboard in Resources */ = {isa = PBXBuildFile; fileRef = 688131121CEAF27E00D01074 /* LaunchScreen.storyboard */; };
		688131211CEAF36700D01074 /* Interface.storyboard in Resources */ = {isa = PBXBuildFile; fileRef = 6881311F1CEAF36700D01074 /* Interface.storyboard */; };
		688131231CEAF36700D01074 /* Assets.xcassets in Resources */ = {isa = PBXBuildFile; fileRef = 688131221CEAF36700D01074 /* Assets.xcassets */; };
		6881312A1CEAF36700D01074 /* MyListy Extension.appex in Embed App Extensions */ = {isa = PBXBuildFile; fileRef = 688131291CEAF36700D01074 /* MyListy Extension.appex */; settings = {ATTRIBUTES = (RemoveHeadersOnCopy, ); }; };
		6881312F1CEAF36700D01074 /* InterfaceController.swift in Sources */ = {isa = PBXBuildFile; fileRef = 6881312E1CEAF36700D01074 /* InterfaceController.swift */; };
		688131311CEAF36700D01074 /* ExtensionDelegate.swift in Sources */ = {isa = PBXBuildFile; fileRef = 688131301CEAF36700D01074 /* ExtensionDelegate.swift */; };
		688131331CEAF36700D01074 /* Assets.xcassets in Resources */ = {isa = PBXBuildFile; fileRef = 688131321CEAF36700D01074 /* Assets.xcassets */; };
		688131371CEAF36700D01074 /* MyListy.app in Embed Watch Content */ = {isa = PBXBuildFile; fileRef = 6881311D1CEAF36700D01074 /* MyListy.app */; };
/* End PBXBuildFile section */

/* Begin PBXContainerItemProxy section */
		6881312B1CEAF36700D01074 /* PBXContainerItemProxy */ = {
			isa = PBXContainerItemProxy;
			containerPortal = 688130FE1CEAF27D00D01074 /* Project object */;
			proxyType = 1;
			remoteGlobalIDString = 688131281CEAF36700D01074;
			remoteInfo = "MyListy Extension";
		};
		688131351CEAF36700D01074 /* PBXContainerItemProxy */ = {
			isa = PBXContainerItemProxy;
			containerPortal = 688130FE1CEAF27D00D01074 /* Project object */;
			proxyType = 1;
			remoteGlobalIDString = 6881311C1CEAF36700D01074;
			remoteInfo = MyListy;
		};
/* End PBXContainerItemProxy section */

/* Begin PBXCopyFilesBuildPhase section */
		6881313B1CEAF36700D01074 /* Embed App Extensions */ = {
			isa = PBXCopyFilesBuildPhase;
			buildActionMask = 2147483647;
			dstPath = "";
			dstSubfolderSpec = 13;
			files = (
				6881312A1CEAF36700D01074 /* MyListy Extension.appex in Embed App Extensions */,
			);
			name = "Embed App Extensions";
			runOnlyForDeploymentPostprocessing = 0;
		};
		6881313F1CEAF36700D01074 /* Embed Watch Content */ = {
			isa = PBXCopyFilesBuildPhase;
			buildActionMask = 2147483647;
			dstPath = "$(CONTENTS_FOLDER_PATH)/Watch";
			dstSubfolderSpec = 16;
			files = (
				688131371CEAF36700D01074 /* MyListy.app in Embed Watch Content */,
			);
			name = "Embed Watch Content";
			runOnlyForDeploymentPostprocessing = 0;
		};
/* End PBXCopyFilesBuildPhase section */

/* Begin PBXFileReference section */
		688131061CEAF27D00D01074 /* ListyWatch.app */ = {isa = PBXFileReference; explicitFileType = wrapper.application; includeInIndex = 0; path = ListyWatch.app; sourceTree = BUILT_PRODUCTS_DIR; };
		688131091CEAF27E00D01074 /* AppDelegate.swift */ = {isa = PBXFileReference; lastKnownFileType = sourcecode.swift; path = AppDelegate.swift; sourceTree = "<group>"; };
		6881310B1CEAF27E00D01074 /* ViewController.swift */ = {isa = PBXFileReference; lastKnownFileType = sourcecode.swift; path = ViewController.swift; sourceTree = "<group>"; };
		6881310E1CEAF27E00D01074 /* Base */ = {isa = PBXFileReference; lastKnownFileType = file.storyboard; name = Base; path = Base.lproj/Main.storyboard; sourceTree = "<group>"; };
		688131101CEAF27E00D01074 /* Assets.xcassets */ = {isa = PBXFileReference; lastKnownFileType = folder.assetcatalog; path = Assets.xcassets; sourceTree = "<group>"; };
		688131131CEAF27E00D01074 /* Base */ = {isa = PBXFileReference; lastKnownFileType = file.storyboard; name = Base; path = Base.lproj/LaunchScreen.storyboard; sourceTree = "<group>"; };
		688131151CEAF27E00D01074 /* Info.plist */ = {isa = PBXFileReference; lastKnownFileType = text.plist.xml; path = Info.plist; sourceTree = "<group>"; };
		6881311D1CEAF36700D01074 /* MyListy.app */ = {isa = PBXFileReference; explicitFileType = wrapper.application; includeInIndex = 0; path = MyListy.app; sourceTree = BUILT_PRODUCTS_DIR; };
		688131201CEAF36700D01074 /* Base */ = {isa = PBXFileReference; lastKnownFileType = file.storyboard; name = Base; path = Base.lproj/Interface.storyboard; sourceTree = "<group>"; };
		688131221CEAF36700D01074 /* Assets.xcassets */ = {isa = PBXFileReference; lastKnownFileType = folder.assetcatalog; path = Assets.xcassets; sourceTree = "<group>"; };
		688131241CEAF36700D01074 /* Info.plist */ = {isa = PBXFileReference; lastKnownFileType = text.plist.xml; path = Info.plist; sourceTree = "<group>"; };
		688131291CEAF36700D01074 /* MyListy Extension.appex */ = {isa = PBXFileReference; explicitFileType = "wrapper.app-extension"; includeInIndex = 0; path = "MyListy Extension.appex"; sourceTree = BUILT_PRODUCTS_DIR; };
		6881312E1CEAF36700D01074 /* InterfaceController.swift */ = {isa = PBXFileReference; lastKnownFileType = sourcecode.swift; path = InterfaceController.swift; sourceTree = "<group>"; };
		688131301CEAF36700D01074 /* ExtensionDelegate.swift */ = {isa = PBXFileReference; lastKnownFileType = sourcecode.swift; path = ExtensionDelegate.swift; sourceTree = "<group>"; };
		688131321CEAF36700D01074 /* Assets.xcassets */ = {isa = PBXFileReference; lastKnownFileType = folder.assetcatalog; path = Assets.xcassets; sourceTree = "<group>"; };
		688131341CEAF36700D01074 /* Info.plist */ = {isa = PBXFileReference; lastKnownFileType = text.plist.xml; path = Info.plist; sourceTree = "<group>"; };
/* End PBXFileReference section */

/* Begin PBXFrameworksBuildPhase section */
		688131031CEAF27D00D01074 /* Frameworks */ = {
			isa = PBXFrameworksBuildPhase;
			buildActionMask = 2147483647;
			files = (
			);
			runOnlyForDeploymentPostprocessing = 0;
		};
		688131261CEAF36700D01074 /* Frameworks */ = {
			isa = PBXFrameworksBuildPhase;
			buildActionMask = 2147483647;
			files = (
			);
			runOnlyForDeploymentPostprocessing = 0;
		};
/* End PBXFrameworksBuildPhase section */

/* Begin PBXGroup section */
		688130FD1CEAF27D00D01074 = {
			isa = PBXGroup;
			children = (
				688131081CEAF27E00D01074 /* ListyWatch */,
				6881311E1CEAF36700D01074 /* MyListy */,
				6881312D1CEAF36700D01074 /* MyListy Extension */,
				688131071CEAF27D00D01074 /* Products */,
			);
			sourceTree = "<group>";
		};
		688131071CEAF27D00D01074 /* Products */ = {
			isa = PBXGroup;
			children = (
				688131061CEAF27D00D01074 /* ListyWatch.app */,
				6881311D1CEAF36700D01074 /* MyListy.app */,
				688131291CEAF36700D01074 /* MyListy Extension.appex */,
			);
			name = Products;
			sourceTree = "<group>";
		};
		688131081CEAF27E00D01074 /* ListyWatch */ = {
			isa = PBXGroup;
			children = (
				6881310D1CEAF27E00D01074 /* Main.storyboard */,
				688131101CEAF27E00D01074 /* Assets.xcassets */,
				688131121CEAF27E00D01074 /* LaunchScreen.storyboard */,
				688131091CEAF27E00D01074 /* AppDelegate.swift */,
				6881310B1CEAF27E00D01074 /* ViewController.swift */,
				688131151CEAF27E00D01074 /* Info.plist */,
			);
			path = ListyWatch;
			sourceTree = "<group>";
		};
		6881311E1CEAF36700D01074 /* MyListy */ = {
			isa = PBXGroup;
			children = (
				6881311F1CEAF36700D01074 /* Interface.storyboard */,
				688131221CEAF36700D01074 /* Assets.xcassets */,
				688131241CEAF36700D01074 /* Info.plist */,
			);
			path = MyListy;
			sourceTree = "<group>";
		};
		6881312D1CEAF36700D01074 /* MyListy Extension */ = {
			isa = PBXGroup;
			children = (
				6881312E1CEAF36700D01074 /* InterfaceController.swift */,
				688131301CEAF36700D01074 /* ExtensionDelegate.swift */,
				688131321CEAF36700D01074 /* Assets.xcassets */,
				688131341CEAF36700D01074 /* Info.plist */,
			);
			path = "MyListy Extension";
			sourceTree = "<group>";
		};
/* End PBXGroup section */

/* Begin PBXNativeTarget section */
		688131051CEAF27D00D01074 /* ListyWatch */ = {
			isa = PBXNativeTarget;
			buildConfigurationList = 688131181CEAF27E00D01074 /* Build configuration list for PBXNativeTarget "ListyWatch" */;
			buildPhases = (
				688131021CEAF27D00D01074 /* Sources */,
				688131031CEAF27D00D01074 /* Frameworks */,
				688131041CEAF27D00D01074 /* Resources */,
				6881313F1CEAF36700D01074 /* Embed Watch Content */,
			);
			buildRules = (
			);
			dependencies = (
				688131361CEAF36700D01074 /* PBXTargetDependency */,
			);
			name = ListyWatch;
			productName = ListyWatch;
			productReference = 688131061CEAF27D00D01074 /* ListyWatch.app */;
			productType = "com.apple.product-type.application";
		};
		6881311C1CEAF36700D01074 /* MyListy */ = {
			isa = PBXNativeTarget;
			buildConfigurationList = 6881313C1CEAF36700D01074 /* Build configuration list for PBXNativeTarget "MyListy" */;
			buildPhases = (
				6881311B1CEAF36700D01074 /* Resources */,
				6881313B1CEAF36700D01074 /* Embed App Extensions */,
			);
			buildRules = (
			);
			dependencies = (
				6881312C1CEAF36700D01074 /* PBXTargetDependency */,
			);
			name = MyListy;
			productName = MyListy;
			productReference = 6881311D1CEAF36700D01074 /* MyListy.app */;
			productType = "com.apple.product-type.application.watchapp2";
		};
		688131281CEAF36700D01074 /* MyListy Extension */ = {
			isa = PBXNativeTarget;
			buildConfigurationList = 688131381CEAF36700D01074 /* Build configuration list for PBXNativeTarget "MyListy Extension" */;
			buildPhases = (
				688131251CEAF36700D01074 /* Sources */,
				688131261CEAF36700D01074 /* Frameworks */,
				688131271CEAF36700D01074 /* Resources */,
			);
			buildRules = (
			);
			dependencies = (
			);
			name = "MyListy Extension";
			productName = "MyListy Extension";
			productReference = 688131291CEAF36700D01074 /* MyListy Extension.appex */;
			productType = "com.apple.product-type.watchkit2-extension";
		};
/* End PBXNativeTarget section */

/* Begin PBXProject section */
		688130FE1CEAF27D00D01074 /* Project object */ = {
			isa = PBXProject;
			attributes = {
				LastSwiftUpdateCheck = 0730;
				LastUpgradeCheck = 0730;
				ORGANIZATIONNAME = gurusoft;
				TargetAttributes = {
					688131051CEAF27D00D01074 = {
						CreatedOnToolsVersion = 7.3;
					};
					6881311C1CEAF36700D01074 = {
						CreatedOnToolsVersion = 7.3;
					};
					688131281CEAF36700D01074 = {
						CreatedOnToolsVersion = 7.3;
					};
				};
			};
			buildConfigurationList = 688131011CEAF27D00D01074 /* Build configuration list for PBXProject "ListyWatch" */;
			compatibilityVersion = "Xcode 3.2";
			developmentRegion = English;
			hasScannedForEncodings = 0;
			knownRegions = (
				en,
				Base,
			);
			mainGroup = 688130FD1CEAF27D00D01074;
			productRefGroup = 688131071CEAF27D00D01074 /* Products */;
			projectDirPath = "";
			projectRoot = "";
			targets = (
				688131051CEAF27D00D01074 /* ListyWatch */,
				6881311C1CEAF36700D01074 /* MyListy */,
				688131281CEAF36700D01074 /* MyListy Extension */,
			);
		};
/* End PBXProject section */

/* Begin PBXResourcesBuildPhase section */
		688131041CEAF27D00D01074 /* Resources */ = {
			isa = PBXResourcesBuildPhase;
			buildActionMask = 2147483647;
			files = (
				688131141CEAF27E00D01074 /* LaunchScreen.storyboard in Resources */,
				688131111CEAF27E00D01074 /* Assets.xcassets in Resources */,
				6881310F1CEAF27E00D01074 /* Main.storyboard in Resources */,
			);
			runOnlyForDeploymentPostprocessing = 0;
		};
		6881311B1CEAF36700D01074 /* Resources */ = {
			isa = PBXResourcesBuildPhase;
			buildActionMask = 2147483647;
			files = (
				688131231CEAF36700D01074 /* Assets.xcassets in Resources */,
				688131211CEAF36700D01074 /* Interface.storyboard in Resources */,
			);
			runOnlyForDeploymentPostprocessing = 0;
		};
		688131271CEAF36700D01074 /* Resources */ = {
			isa = PBXResourcesBuildPhase;
			buildActionMask = 2147483647;
			files = (
				688131331CEAF36700D01074 /* Assets.xcassets in Resources */,
			);
			runOnlyForDeploymentPostprocessing = 0;
		};
/* End PBXResourcesBuildPhase section */

/* Begin PBXSourcesBuildPhase section */
		688131021CEAF27D00D01074 /* Sources */ = {
			isa = PBXSourcesBuildPhase;
			buildActionMask = 2147483647;
			files = (
				6881310C1CEAF27E00D01074 /* ViewController.swift in Sources */,
				6881310A1CEAF27E00D01074 /* AppDelegate.swift in Sources */,
			);
			runOnlyForDeploymentPostprocessing = 0;
		};
		688131251CEAF36700D01074 /* Sources */ = {
			isa = PBXSourcesBuildPhase;
			buildActionMask = 2147483647;
			files = (
				688131311CEAF36700D01074 /* ExtensionDelegate.swift in Sources */,
				6881312F1CEAF36700D01074 /* InterfaceController.swift in Sources */,
			);
			runOnlyForDeploymentPostprocessing = 0;
		};
/* End PBXSourcesBuildPhase section */

/* Begin PBXTargetDependency section */
		6881312C1CEAF36700D01074 /* PBXTargetDependency */ = {
			isa = PBXTargetDependency;
			target = 688131281CEAF36700D01074 /* MyListy Extension */;
			targetProxy = 6881312B1CEAF36700D01074 /* PBXContainerItemProxy */;
		};
		688131361CEAF36700D01074 /* PBXTargetDependency */ = {
			isa = PBXTargetDependency;
			target = 6881311C1CEAF36700D01074 /* MyListy */;
			targetProxy = 688131351CEAF36700D01074 /* PBXContainerItemProxy */;
		};
/* End PBXTargetDependency section */

/* Begin PBXVariantGroup section */
		6881310D1CEAF27E00D01074 /* Main.storyboard */ = {
			isa = PBXVariantGroup;
			children = (
				6881310E1CEAF27E00D01074 /* Base */,
			);
			name = Main.storyboard;
			sourceTree = "<group>";
		};
		688131121CEAF27E00D01074 /* LaunchScreen.storyboard */ = {
			isa = PBXVariantGroup;
			children = (
				688131131CEAF27E00D01074 /* Base */,
			);
			name = LaunchScreen.storyboard;
			sourceTree = "<group>";
		};
		6881311F1CEAF36700D01074 /* Interface.storyboard */ = {
			isa = PBXVariantGroup;
			children = (
				688131201CEAF36700D01074 /* Base */,
			);
			name = Interface.storyboard;
			sourceTree = "<group>";
		};
/* End PBXVariantGroup section */

/* Begin XCBuildConfiguration section */
		688131161CEAF27E00D01074 /* Debug */ = {
			isa = XCBuildConfiguration;
			buildSettings = {
				ALWAYS_SEARCH_USER_PATHS = NO;
				CLANG_ANALYZER_NONNULL = YES;
				CLANG_CXX_LANGUAGE_STANDARD = "gnu++0x";
				CLANG_CXX_LIBRARY = "libc++";
				CLANG_ENABLE_MODULES = YES;
				CLANG_ENABLE_OBJC_ARC = YES;
				CLANG_WARN_BOOL_CONVERSION = YES;
				CLANG_WARN_CONSTANT_CONVERSION = YES;
				CLANG_WARN_DIRECT_OBJC_ISA_USAGE = YES_ERROR;
				CLANG_WARN_EMPTY_BODY = YES;
				CLANG_WARN_ENUM_CONVERSION = YES;
				CLANG_WARN_INT_CONVERSION = YES;
				CLANG_WARN_OBJC_ROOT_CLASS = YES_ERROR;
				CLANG_WARN_UNREACHABLE_CODE = YES;
				CLANG_WARN__DUPLICATE_METHOD_MATCH = YES;
				"CODE_SIGN_IDENTITY[sdk=iphoneos*]" = "iPhone Developer";
				COPY_PHASE_STRIP = NO;
				DEBUG_INFORMATION_FORMAT = dwarf;
				ENABLE_STRICT_OBJC_MSGSEND = YES;
				ENABLE_TESTABILITY = YES;
				GCC_C_LANGUAGE_STANDARD = gnu99;
				GCC_DYNAMIC_NO_PIC = NO;
				GCC_NO_COMMON_BLOCKS = YES;
				GCC_OPTIMIZATION_LEVEL = 0;
				GCC_PREPROCESSOR_DEFINITIONS = (
					"DEBUG=1",
					"$(inherited)",
				);
				GCC_WARN_64_TO_32_BIT_CONVERSION = YES;
				GCC_WARN_ABOUT_RETURN_TYPE = YES_ERROR;
				GCC_WARN_UNDECLARED_SELECTOR = YES;
				GCC_WARN_UNINITIALIZED_AUTOS = YES_AGGRESSIVE;
				GCC_WARN_UNUSED_FUNCTION = YES;
				GCC_WARN_UNUSED_VARIABLE = YES;
				IPHONEOS_DEPLOYMENT_TARGET = 9.3;
				MTL_ENABLE_DEBUG_INFO = YES;
				ONLY_ACTIVE_ARCH = YES;
				SDKROOT = iphoneos;
				SWIFT_OPTIMIZATION_LEVEL = "-Onone";
			};
			name = Debug;
		};
		688131171CEAF27E00D01074 /* Release */ = {
			isa = XCBuildConfiguration;
			buildSettings = {
				ALWAYS_SEARCH_USER_PATHS = NO;
				CLANG_ANALYZER_NONNULL = YES;
				CLANG_CXX_LANGUAGE_STANDARD = "gnu++0x";
				CLANG_CXX_LIBRARY = "libc++";
				CLANG_ENABLE_MODULES = YES;
				CLANG_ENABLE_OBJC_ARC = YES;
				CLANG_WARN_BOOL_CONVERSION = YES;
				CLANG_WARN_CONSTANT_CONVERSION = YES;
				CLANG_WARN_DIRECT_OBJC_ISA_USAGE = YES_ERROR;
				CLANG_WARN_EMPTY_BODY = YES;
				CLANG_WARN_ENUM_CONVERSION = YES;
				CLANG_WARN_INT_CONVERSION = YES;
				CLANG_WARN_OBJC_ROOT_CLASS = YES_ERROR;
				CLANG_WARN_UNREACHABLE_CODE = YES;
				CLANG_WARN__DUPLICATE_METHOD_MATCH = YES;
				"CODE_SIGN_IDENTITY[sdk=iphoneos*]" = "iPhone Developer";
				COPY_PHASE_STRIP = NO;
				DEBUG_INFORMATION_FORMAT = "dwarf-with-dsym";
				ENABLE_NS_ASSERTIONS = NO;
				ENABLE_STRICT_OBJC_MSGSEND = YES;
				GCC_C_LANGUAGE_STANDARD = gnu99;
				GCC_NO_COMMON_BLOCKS = YES;
				GCC_WARN_64_TO_32_BIT_CONVERSION = YES;
				GCC_WARN_ABOUT_RETURN_TYPE = YES_ERROR;
				GCC_WARN_UNDECLARED_SELECTOR = YES;
				GCC_WARN_UNINITIALIZED_AUTOS = YES_AGGRESSIVE;
				GCC_WARN_UNUSED_FUNCTION = YES;
				GCC_WARN_UNUSED_VARIABLE = YES;
				IPHONEOS_DEPLOYMENT_TARGET = 9.3;
				MTL_ENABLE_DEBUG_INFO = NO;
				SDKROOT = iphoneos;
				VALIDATE_PRODUCT = YES;
			};
			name = Release;
		};
		688131191CEAF27E00D01074 /* Debug */ = {
			isa = XCBuildConfiguration;
			buildSettings = {
				ASSETCATALOG_COMPILER_APPICON_NAME = AppIcon;
				INFOPLIST_FILE = ListyWatch/Info.plist;
				IPHONEOS_DEPLOYMENT_TARGET = 9.0;
				LD_RUNPATH_SEARCH_PATHS = "$(inherited) @executable_path/Frameworks";
				PRODUCT_BUNDLE_IDENTIFIER = com.gurusoft.ListyWatch;
				PRODUCT_NAME = "$(TARGET_NAME)";
			};
			name = Debug;
		};
		6881311A1CEAF27E00D01074 /* Release */ = {
			isa = XCBuildConfiguration;
			buildSettings = {
				ASSETCATALOG_COMPILER_APPICON_NAME = AppIcon;
				INFOPLIST_FILE = ListyWatch/Info.plist;
				IPHONEOS_DEPLOYMENT_TARGET = 9.0;
				LD_RUNPATH_SEARCH_PATHS = "$(inherited) @executable_path/Frameworks";
				PRODUCT_BUNDLE_IDENTIFIER = com.gurusoft.ListyWatch;
				PRODUCT_NAME = "$(TARGET_NAME)";
			};
			name = Release;
		};
		688131391CEAF36700D01074 /* Debug */ = {
			isa = XCBuildConfiguration;
			buildSettings = {
				INFOPLIST_FILE = "MyListy Extension/Info.plist";
				LD_RUNPATH_SEARCH_PATHS = "$(inherited) @executable_path/Frameworks @executable_path/../../Frameworks";
				PRODUCT_BUNDLE_IDENTIFIER = com.gurusoft.ListyWatch.watchkitapp.watchkitextension;
				PRODUCT_NAME = "${TARGET_NAME}";
				SDKROOT = watchos;
				SKIP_INSTALL = YES;
				TARGETED_DEVICE_FAMILY = 4;
				WATCHOS_DEPLOYMENT_TARGET = 2.2;
			};
			name = Debug;
		};
		6881313A1CEAF36700D01074 /* Release */ = {
			isa = XCBuildConfiguration;
			buildSettings = {
				INFOPLIST_FILE = "MyListy Extension/Info.plist";
				LD_RUNPATH_SEARCH_PATHS = "$(inherited) @executable_path/Frameworks @executable_path/../../Frameworks";
				PRODUCT_BUNDLE_IDENTIFIER = com.gurusoft.ListyWatch.watchkitapp.watchkitextension;
				PRODUCT_NAME = "${TARGET_NAME}";
				SDKROOT = watchos;
				SKIP_INSTALL = YES;
				TARGETED_DEVICE_FAMILY = 4;
				WATCHOS_DEPLOYMENT_TARGET = 2.2;
			};
			name = Release;
		};
		6881313D1CEAF36700D01074 /* Debug */ = {
			isa = XCBuildConfiguration;
			buildSettings = {
				ASSETCATALOG_COMPILER_APPICON_NAME = AppIcon;
				EMBEDDED_CONTENT_CONTAINS_SWIFT = YES;
				IBSC_MODULE = MyListy_Extension;
				INFOPLIST_FILE = MyListy/Info.plist;
				PRODUCT_BUNDLE_IDENTIFIER = com.gurusoft.ListyWatch.watchkitapp;
				PRODUCT_NAME = "$(TARGET_NAME)";
				SDKROOT = watchos;
				SKIP_INSTALL = YES;
				TARGETED_DEVICE_FAMILY = 4;
				WATCHOS_DEPLOYMENT_TARGET = 2.2;
			};
			name = Debug;
		};
		6881313E1CEAF36700D01074 /* Release */ = {
			isa = XCBuildConfiguration;
			buildSettings = {
				ASSETCATALOG_COMPILER_APPICON_NAME = AppIcon;
				EMBEDDED_CONTENT_CONTAINS_SWIFT = YES;
				IBSC_MODULE = MyListy_Extension;
				INFOPLIST_FILE = MyListy/Info.plist;
				PRODUCT_BUNDLE_IDENTIFIER = com.gurusoft.ListyWatch.watchkitapp;
				PRODUCT_NAME = "$(TARGET_NAME)";
				SDKROOT = watchos;
				SKIP_INSTALL = YES;
				TARGETED_DEVICE_FAMILY = 4;
				WATCHOS_DEPLOYMENT_TARGET = 2.2;
			};
			name = Release;
		};
/* End XCBuildConfiguration section */

/* Begin XCConfigurationList section */
		688131011CEAF27D00D01074 /* Build configuration list for PBXProject "ListyWatch" */ = {
			isa = XCConfigurationList;
			buildConfigurations = (
				688131161CEAF27E00D01074 /* Debug */,
				688131171CEAF27E00D01074 /* Release */,
			);
			defaultConfigurationIsVisible = 0;
			defaultConfigurationName = Release;
		};
		688131181CEAF27E00D01074 /* Build configuration list for PBXNativeTarget "ListyWatch" */ = {
			isa = XCConfigurationList;
			buildConfigurations = (
				688131191CEAF27E00D01074 /* Debug */,
				6881311A1CEAF27E00D01074 /* Release */,
			);
			defaultConfigurationIsVisible = 0;
		};
		688131381CEAF36700D01074 /* Build configuration list for PBXNativeTarget "MyListy Extension" */ = {
			isa = XCConfigurationList;
			buildConfigurations = (
				688131391CEAF36700D01074 /* Debug */,
				6881313A1CEAF36700D01074 /* Release */,
			);
			defaultConfigurationIsVisible = 0;
		};
		6881313C1CEAF36700D01074 /* Build configuration list for PBXNativeTarget "MyListy" */ = {
			isa = XCConfigurationList;
			buildConfigurations = (
				6881313D1CEAF36700D01074 /* Debug */,
				6881313E1CEAF36700D01074 /* Release */,
			);
			defaultConfigurationIsVisible = 0;
		};
/* End XCConfigurationList section */
	};
	rootObject = 688130FE1CEAF27D00D01074 /* Project object */;
}
